
Microsoft Visual Studio Solution File, Format Version 12.00
# Visual Studio 15
VisualStudioVersion = 15.0.28307.329
MinimumVisualStudioVersion = 10.0.40219.1
Project("{FAE04EC0-301F-11D3-BF4B-00C04F79EFBC}") = "Organic Browser", "Organic Browser\Organic Browser.csproj", "{3329DC1A-5800-47A7-A9CC-144D846D94AB}"
EndProject
Global
	GlobalSection(SolutionConfigurationPlatforms) = preSolution
		Debug|x64 = Debug|x64
		Debug|x86 = Debug|x86
		Release|x64 = Release|x64
		Release|x86 = Release|x86
	EndGlobalSection
	GlobalSection(ProjectConfigurationPlatforms) = postSolution
		{3329DC1A-5800-47A7-A9CC-144D846D94AB}.Debug|x64.ActiveCfg = Debug|x64
		{3329DC1A-5800-47A7-A9CC-144D846D94AB}.Debug|x64.Build.0 = Debug|x64
		{3329DC1A-5800-47A7-A9CC-144D846D94AB}.Debug|x86.ActiveCfg = Debug|Any CPU
		{3329DC1A-5800-47A7-A9CC-144D846D94AB}.Release|x64.ActiveCfg = Release|x64
		{3329DC1A-5800-47A7-A9CC-144D846D94AB}.Release|x86.ActiveCfg = Release|Any CPU
		{3329DC1A-5800-47A7-A9CC-144D846D94AB}.Release|x86.Build.0 = Release|Any CPU
	EndGlobalSection
	GlobalSection(SolutionProperties) = preSolution
		HideSolutionNode = FALSE
	EndGlobalSection
	GlobalSection(ExtensibilityGlobals) = postSolution
		SolutionGuid = {17E53951-23D0-4B71-BAF2-D5E817CD9A43}
	EndGlobalSection
EndGlobal
